# This file is autogenerated, do not edit; changes may be undone by the next 'dep ensure'.


[[projects]]
  name = "github.com/go-chi/chi"
  packages = ["."]
  revision = "e83ac2304db3c50cf03d96a2fcd39009d458bc35"
  version = "v3.3.2"

[[projects]]
  name = "github.com/nissy/bon"
  packages = ["."]
  revision = "96277473f53e165aaa3c546a5b5acafb38fac1bb"
  version = "v1.1.1"

[solve-meta]
  analyzer-name = "dep"
  analyzer-version = 1
  inputs-digest = "01b846468968d7d4d56db750c313c4c4519150a1e55b470f5c07601a9b5eeb32"
  solver-name = "gps-cdcl"
  solver-version = 1
